github.com/mdlayher/netlink v0.0.0-20190307193445-1f8cbc4b0f1a h1:Ys/HwgWTwgnDYbMF65kHnk35ecthTlxTFE3jqI09Y8Q=
github.com/mdlayher/netlink v0.0.0-20190307193445-1f8cbc4b0f1a/go.mod h1:a3TlQHkJH2m32RF224Z7LhD5N4mpyR8eUbCoYHywrwg=
github.com/vishvananda/netlink v1.0.0 h1:bqNY2lgheFIu1meHUFSH3d7vG93AFyqg3oGbJCOJgSM=
github.com/vishvananda/netlink v1.0.0/go.mod h1:+SR5DhBJrl6ZM7CoCKvpw5BKroDKQ+PJqOg65H/2ktk=
github.com/vishvananda/netlink v1.0.1-0.20190105194040-1e2e7ab670e0 h1:OhS2CKyOcS07NW235gstlTUxpcZF22Tt7J2Ynjc1Mc4=
github.com/vishvananda/netlink v1.0.1-0.20190105194040-1e2e7ab670e0/go.mod h1:+SR5DhBJrl6ZM7CoCKvpw5BKroDKQ+PJqOg65H/2ktk=
github.com/vishvananda/netns v0.0.0-20180720170159-13995c7128cc h1:R83G5ikgLMxrBvLh22JhdfI8K6YXEPHx5P03Uu3DRs4=
github.com/vishvananda/netns v0.0.0-20180720170159-13995c7128cc/go.mod h1:ZjcWmFBXmLKZu9Nxj3WKYEafiSqer2rnvPr0en9UNpI=
golang.org/x/net v0.0.0-20190311031020-56fb01167e7d h1:vQJbQvu6+H699vOmHa20TEBI9nEqroRbMtf/9biIE3A=
golang.org/x/net v0.0.0-20190311031020-56fb01167e7d/go.mod h1:mL1N/T3taQHkDXs73rZJwtUhF3w3ftmwwsq0BUmARs4=
golang.org/x/sys v0.0.0-20190124100055-b90733256f2e/go.mod h1:STP8DvDyc/dI5b8T5hshtkjS+E42TnysNCUPdjciGhY=
golang.org/x/sys v0.0.0-20190311152110-c8c8c57fd1e1 h1:FQNj2xvjQ1lgFyzbSybGZr792Y8Dy95D7uuqnZAzNaA=
golang.org/x/sys v0.0.0-20190311152110-c8c8c57fd1e1/go.mod h1:h1NjWce9XRLGQEsW7wpKNCjG9DtNlClVuFLEZdDNbEs=
golang.org/x/text v0.3.0 h1:g61tztE5qeGQ89tm6NTjjM9VPIm088od1l6aSorWRWg=
golang.org/x/text v0.3.0/go.mod h1:NqM8EUOU14njkJ3fqMW+pc6Ldnwhi/IjpwHt7yyuwOQ=
